
Microsoft Visual Studio Solution File, Format Version 12.00
# Visual Studio Version 16
VisualStudioVersion = 16.0.35425.106
MinimumVisualStudioVersion = 10.0.40219.1
Project("{FAE04EC0-301F-11D3-BF4B-00C04F79EFBC}") = "uygulama4", "uygulama4\uygulama4.csproj", "{0C4ED166-4897-42D8-9D46-064673E51EC2}"
EndProject
Global
	GlobalSection(SolutionConfigurationPlatforms) = preSolution
		Debug|Any CPU = Debug|Any CPU
		Release|Any CPU = Release|Any CPU
	EndGlobalSection
	GlobalSection(ProjectConfigurationPlatforms) = postSolution
		{0C4ED166-4897-42D8-9D46-064673E51EC2}.Debug|Any CPU.ActiveCfg = Debug|Any CPU
		{0C4ED166-4897-42D8-9D46-064673E51EC2}.Debug|Any CPU.Build.0 = Debug|Any CPU
		{0C4ED166-4897-42D8-9D46-064673E51EC2}.Release|Any CPU.ActiveCfg = Release|Any CPU
		{0C4ED166-4897-42D8-9D46-064673E51EC2}.Release|Any CPU.Build.0 = Release|Any CPU
	EndGlobalSection
	GlobalSection(SolutionProperties) = preSolution
		HideSolutionNode = FALSE
	EndGlobalSection
	GlobalSection(ExtensibilityGlobals) = postSolution
		SolutionGuid = {3E2C6EF3-EE60-4CF3-90E4-0C43A28BFCB5}
	EndGlobalSection
EndGlobal
