
Microsoft Visual Studio Solution File, Format Version 12.00
# Visual Studio Version 17
VisualStudioVersion = 17.8.34511.84
MinimumVisualStudioVersion = 10.0.40219.1
Project("{FAE04EC0-301F-11D3-BF4B-00C04F79EFBC}") = "uygulama4", "uygulama4\uygulama4.csproj", "{DD05CA46-077A-45F4-842B-765E30F5002D}"
EndProject
Global
	GlobalSection(SolutionConfigurationPlatforms) = preSolution
		Debug|Any CPU = Debug|Any CPU
		Release|Any CPU = Release|Any CPU
	EndGlobalSection
	GlobalSection(ProjectConfigurationPlatforms) = postSolution
		{DD05CA46-077A-45F4-842B-765E30F5002D}.Debug|Any CPU.ActiveCfg = Debug|Any CPU
		{DD05CA46-077A-45F4-842B-765E30F5002D}.Debug|Any CPU.Build.0 = Debug|Any CPU
		{DD05CA46-077A-45F4-842B-765E30F5002D}.Release|Any CPU.ActiveCfg = Release|Any CPU
		{DD05CA46-077A-45F4-842B-765E30F5002D}.Release|Any CPU.Build.0 = Release|Any CPU
	EndGlobalSection
	GlobalSection(SolutionProperties) = preSolution
		HideSolutionNode = FALSE
	EndGlobalSection
	GlobalSection(ExtensibilityGlobals) = postSolution
		SolutionGuid = {18C8F511-BFEC-4A86-BF02-4D65EAA85557}
	EndGlobalSection
EndGlobal
