
Microsoft Visual Studio Solution File, Format Version 12.00
# Visual Studio Version 16
VisualStudioVersion = 16.0.35425.106
MinimumVisualStudioVersion = 10.0.40219.1
Project("{FAE04EC0-301F-11D3-BF4B-00C04F79EFBC}") = "uygulama3", "uygulama3\uygulama3.csproj", "{AE62B1FF-063C-4DBC-941A-71D496EDEE5D}"
EndProject
Global
	GlobalSection(SolutionConfigurationPlatforms) = preSolution
		Debug|Any CPU = Debug|Any CPU
		Release|Any CPU = Release|Any CPU
	EndGlobalSection
	GlobalSection(ProjectConfigurationPlatforms) = postSolution
		{AE62B1FF-063C-4DBC-941A-71D496EDEE5D}.Debug|Any CPU.ActiveCfg = Debug|Any CPU
		{AE62B1FF-063C-4DBC-941A-71D496EDEE5D}.Debug|Any CPU.Build.0 = Debug|Any CPU
		{AE62B1FF-063C-4DBC-941A-71D496EDEE5D}.Release|Any CPU.ActiveCfg = Release|Any CPU
		{AE62B1FF-063C-4DBC-941A-71D496EDEE5D}.Release|Any CPU.Build.0 = Release|Any CPU
	EndGlobalSection
	GlobalSection(SolutionProperties) = preSolution
		HideSolutionNode = FALSE
	EndGlobalSection
	GlobalSection(ExtensibilityGlobals) = postSolution
		SolutionGuid = {08340127-2668-4E40-A238-3B4ECCFDCC19}
	EndGlobalSection
EndGlobal
