
Microsoft Visual Studio Solution File, Format Version 12.00
# Visual Studio Version 16
VisualStudioVersion = 16.0.35425.106
MinimumVisualStudioVersion = 10.0.40219.1
Project("{FAE04EC0-301F-11D3-BF4B-00C04F79EFBC}") = "uygulama1", "uygulama1\uygulama1.csproj", "{51E05FB9-0CCC-4739-A5FA-2F639A948BA2}"
EndProject
Global
	GlobalSection(SolutionConfigurationPlatforms) = preSolution
		Debug|Any CPU = Debug|Any CPU
		Release|Any CPU = Release|Any CPU
	EndGlobalSection
	GlobalSection(ProjectConfigurationPlatforms) = postSolution
		{51E05FB9-0CCC-4739-A5FA-2F639A948BA2}.Debug|Any CPU.ActiveCfg = Debug|Any CPU
		{51E05FB9-0CCC-4739-A5FA-2F639A948BA2}.Debug|Any CPU.Build.0 = Debug|Any CPU
		{51E05FB9-0CCC-4739-A5FA-2F639A948BA2}.Release|Any CPU.ActiveCfg = Release|Any CPU
		{51E05FB9-0CCC-4739-A5FA-2F639A948BA2}.Release|Any CPU.Build.0 = Release|Any CPU
	EndGlobalSection
	GlobalSection(SolutionProperties) = preSolution
		HideSolutionNode = FALSE
	EndGlobalSection
	GlobalSection(ExtensibilityGlobals) = postSolution
		SolutionGuid = {6B070A02-DD26-4C1F-9BDC-AC8C5A4F6E80}
	EndGlobalSection
EndGlobal
