
Microsoft Visual Studio Solution File, Format Version 12.00
# Visual Studio Version 17
VisualStudioVersion = 17.8.34511.84
MinimumVisualStudioVersion = 10.0.40219.1
Project("{FAE04EC0-301F-11D3-BF4B-00C04F79EFBC}") = "uygulama2", "uygulama2\uygulama2.csproj", "{44DC2645-2624-4AB6-AB95-CE3169B0ACEF}"
EndProject
Global
	GlobalSection(SolutionConfigurationPlatforms) = preSolution
		Debug|Any CPU = Debug|Any CPU
		Release|Any CPU = Release|Any CPU
	EndGlobalSection
	GlobalSection(ProjectConfigurationPlatforms) = postSolution
		{44DC2645-2624-4AB6-AB95-CE3169B0ACEF}.Debug|Any CPU.ActiveCfg = Debug|Any CPU
		{44DC2645-2624-4AB6-AB95-CE3169B0ACEF}.Debug|Any CPU.Build.0 = Debug|Any CPU
		{44DC2645-2624-4AB6-AB95-CE3169B0ACEF}.Release|Any CPU.ActiveCfg = Release|Any CPU
		{44DC2645-2624-4AB6-AB95-CE3169B0ACEF}.Release|Any CPU.Build.0 = Release|Any CPU
	EndGlobalSection
	GlobalSection(SolutionProperties) = preSolution
		HideSolutionNode = FALSE
	EndGlobalSection
	GlobalSection(ExtensibilityGlobals) = postSolution
		SolutionGuid = {85372A71-20E1-4166-8F08-1AE90C775123}
	EndGlobalSection
EndGlobal
